
Microsoft Visual Studio Solution File, Format Version 11.00
# Visual Studio 2010
Project("{FAE04EC0-301F-11D3-BF4B-00C04F79EFBC}") = "Mosaic", "Mosaic\Mosaic.csproj", "{C1BC0E44-5776-45EE-BC80-50458FFC10EE}"
EndProject
Project("{FAE04EC0-301F-11D3-BF4B-00C04F79EFBC}") = "Mosaic.Base", "Mosaic.Base\Mosaic.Base.csproj", "{74CB342D-3D96-42D5-8B13-76306FE35380}"
EndProject
Project("{2150E333-8FDC-42A3-9474-1A3956D46DE8}") = "Widgets", "Widgets", "{C1A3AFE3-2630-454E-8DA2-B4188B8E3F2C}"
EndProject
Project("{FAE04EC0-301F-11D3-BF4B-00C04F79EFBC}") = "Clock", "Widgets\Clock\Clock.csproj", "{7B78A96A-367C-4FBE-AD99-B1016F16AA00}"
EndProject
Project("{FAE04EC0-301F-11D3-BF4B-00C04F79EFBC}") = "Weather", "Widgets\Weather\Weather.csproj", "{ADADAE80-72EA-4E8C-B5B5-4EFBEB1FAAF6}"
EndProject
Project("{FAE04EC0-301F-11D3-BF4B-00C04F79EFBC}") = "Me", "Widgets\Me\Me.csproj", "{77EADDD1-E296-4426-B66B-4031E9F07711}"
EndProject
Project("{FAE04EC0-301F-11D3-BF4B-00C04F79EFBC}") = "Pictures", "Widgets\Pictures\Pictures.csproj", "{4F88E6A7-42CC-4E86-91A7-B4CE5B53486A}"
EndProject
Project("{FAE04EC0-301F-11D3-BF4B-00C04F79EFBC}") = "Video", "Widgets\Video\Video.csproj", "{3BEEDE2E-DAE9-432C-8891-F881416B7249}"
EndProject
Project("{FAE04EC0-301F-11D3-BF4B-00C04F79EFBC}") = "Gmail", "Widgets\Gmail\Gmail.csproj", "{6DE753C7-198B-4934-BDD6-8142A215AA00}"
EndProject
Project("{FAE04EC0-301F-11D3-BF4B-00C04F79EFBC}") = "ControlPanel", "Widgets\ControlPanel\ControlPanel.csproj", "{D6E1726F-258E-4DE8-8473-21A2FCFB0B66}"
EndProject
Project("{FAE04EC0-301F-11D3-BF4B-00C04F79EFBC}") = "Desktop", "Widgets\Desktop\Desktop.csproj", "{1670225C-BAA3-49AC-A8D6-44D75A973B31}"
EndProject
Project("{FAE04EC0-301F-11D3-BF4B-00C04F79EFBC}") = "Twitter", "Widgets\Twitter\Twitter.csproj", "{A03D7F01-93CE-4955-B004-F66C0786BD26}"
EndProject
Project("{FAE04EC0-301F-11D3-BF4B-00C04F79EFBC}") = "Social.Base", "Social.Base\Social.Base.csproj", "{CFC1E9E6-4596-4ACA-B8AB-B98B4FD02B7A}"
EndProject
Project("{FAE04EC0-301F-11D3-BF4B-00C04F79EFBC}") = "People", "Widgets\People\People.csproj", "{B76F97DB-264C-4848-9290-4B97D6A9EF63}"
EndProject
Project("{FAE04EC0-301F-11D3-BF4B-00C04F79EFBC}") = "Music", "Widgets\Music\Music.csproj", "{336A6B61-9345-4197-AC22-A1421242C455}"
EndProject
Project("{FAE04EC0-301F-11D3-BF4B-00C04F79EFBC}") = "Applications", "Widgets\Applications\Applications.csproj", "{02F6B73A-3712-4BD5-955A-E92797C479DC}"
EndProject
Project("{FAE04EC0-301F-11D3-BF4B-00C04F79EFBC}") = "Store", "Widgets\Store\Store.csproj", "{D69C56EC-DBFD-45A9-9764-7A87B76DD5E0}"
EndProject
Project("{54435603-DBB4-11D2-8724-00A0C9A8B90C}") = "Installer", "Installer\Installer.vdproj", "{D3AEBEF7-FE9D-4E7C-851D-B0B806164297}"
EndProject
Global
	GlobalSection(TeamFoundationVersionControl) = preSolution
		SccNumberOfProjects = 18
		SccEnterpriseProvider = {4CA58AB2-18FA-4F8D-95D4-32DDF27D184C}
		SccTeamFoundationServer = https://tfs.codeplex.com/tfs/tfs30
		SccLocalPath0 = .
		SccProjectUniqueName1 = Installer\\Installer.vdproj
		SccProjectName1 = Installer
		SccLocalPath1 = Installer
		SccProjectUniqueName2 = Mosaic.Base\\Mosaic.Base.csproj
		SccProjectName2 = Mosaic.Base
		SccLocalPath2 = Mosaic.Base
		SccProjectUniqueName3 = Mosaic\\Mosaic.csproj
		SccProjectName3 = Mosaic
		SccLocalPath3 = Mosaic
		SccProjectUniqueName4 = Social.Base\\Social.Base.csproj
		SccProjectName4 = Social.Base
		SccLocalPath4 = Social.Base
		SccProjectUniqueName5 = Widgets\\Applications\\Applications.csproj
		SccProjectTopLevelParentUniqueName5 = Mosaic.sln
		SccProjectName5 = Widgets/Applications
		SccLocalPath5 = Widgets\\Applications
		SccProjectUniqueName6 = Widgets\\Clock\\Clock.csproj
		SccProjectTopLevelParentUniqueName6 = Mosaic.sln
		SccProjectName6 = Widgets/Clock
		SccLocalPath6 = Widgets\\Clock
		SccProjectUniqueName7 = Widgets\\ControlPanel\\ControlPanel.csproj
		SccProjectTopLevelParentUniqueName7 = Mosaic.sln
		SccProjectName7 = Widgets/ControlPanel
		SccLocalPath7 = Widgets\\ControlPanel
		SccProjectUniqueName8 = Widgets\\Desktop\\Desktop.csproj
		SccProjectTopLevelParentUniqueName8 = Mosaic.sln
		SccProjectName8 = Widgets/Desktop
		SccLocalPath8 = Widgets\\Desktop
		SccProjectUniqueName9 = Widgets\\Gmail\\Gmail.csproj
		SccProjectTopLevelParentUniqueName9 = Mosaic.sln
		SccProjectName9 = Widgets/Gmail
		SccLocalPath9 = Widgets\\Gmail
		SccProjectUniqueName10 = Widgets\\Me\\Me.csproj
		SccProjectTopLevelParentUniqueName10 = Mosaic.sln
		SccProjectName10 = Widgets/Me
		SccLocalPath10 = Widgets\\Me
		SccProjectUniqueName11 = Widgets\\Music\\Music.csproj
		SccProjectTopLevelParentUniqueName11 = Mosaic.sln
		SccProjectName11 = Widgets/Music
		SccLocalPath11 = Widgets\\Music
		SccProjectUniqueName12 = Widgets\\People\\People.csproj
		SccProjectTopLevelParentUniqueName12 = Mosaic.sln
		SccProjectName12 = Widgets/People
		SccLocalPath12 = Widgets\\People
		SccProjectUniqueName13 = Widgets\\Pictures\\Pictures.csproj
		SccProjectTopLevelParentUniqueName13 = Mosaic.sln
		SccProjectName13 = Widgets/Pictures
		SccLocalPath13 = Widgets\\Pictures
		SccProjectUniqueName14 = Widgets\\Store\\Store.csproj
		SccProjectTopLevelParentUniqueName14 = Mosaic.sln
		SccProjectName14 = Widgets/Store
		SccLocalPath14 = Widgets\\Store
		SccProjectUniqueName15 = Widgets\\Twitter\\Twitter.csproj
		SccProjectTopLevelParentUniqueName15 = Mosaic.sln
		SccProjectName15 = Widgets/Twitter
		SccLocalPath15 = Widgets\\Twitter
		SccProjectUniqueName16 = Widgets\\Video\\Video.csproj
		SccProjectTopLevelParentUniqueName16 = Mosaic.sln
		SccProjectName16 = Widgets/Video
		SccLocalPath16 = Widgets\\Video
		SccProjectUniqueName17 = Widgets\\Weather\\Weather.csproj
		SccProjectTopLevelParentUniqueName17 = Mosaic.sln
		SccProjectName17 = Widgets/Weather
		SccLocalPath17 = Widgets\\Weather
	EndGlobalSection
	GlobalSection(SolutionConfigurationPlatforms) = preSolution
		Debug|Any CPU = Debug|Any CPU
		Debug|Mixed Platforms = Debug|Mixed Platforms
		Debug|x86 = Debug|x86
		Release|Any CPU = Release|Any CPU
		Release|Mixed Platforms = Release|Mixed Platforms
		Release|x86 = Release|x86
	EndGlobalSection
	GlobalSection(ProjectConfigurationPlatforms) = postSolution
		{C1BC0E44-5776-45EE-BC80-50458FFC10EE}.Debug|Any CPU.ActiveCfg = Debug|Any CPU
		{C1BC0E44-5776-45EE-BC80-50458FFC10EE}.Debug|Any CPU.Build.0 = Debug|Any CPU
		{C1BC0E44-5776-45EE-BC80-50458FFC10EE}.Debug|Mixed Platforms.ActiveCfg = Debug|x86
		{C1BC0E44-5776-45EE-BC80-50458FFC10EE}.Debug|Mixed Platforms.Build.0 = Debug|x86
		{C1BC0E44-5776-45EE-BC80-50458FFC10EE}.Debug|x86.ActiveCfg = Debug|x86
		{C1BC0E44-5776-45EE-BC80-50458FFC10EE}.Debug|x86.Build.0 = Debug|x86
		{C1BC0E44-5776-45EE-BC80-50458FFC10EE}.Release|Any CPU.ActiveCfg = Release|x86
		{C1BC0E44-5776-45EE-BC80-50458FFC10EE}.Release|Mixed Platforms.ActiveCfg = Release|x86
		{C1BC0E44-5776-45EE-BC80-50458FFC10EE}.Release|Mixed Platforms.Build.0 = Release|x86
		{C1BC0E44-5776-45EE-BC80-50458FFC10EE}.Release|x86.ActiveCfg = Release|x86
		{C1BC0E44-5776-45EE-BC80-50458FFC10EE}.Release|x86.Build.0 = Release|x86
		{74CB342D-3D96-42D5-8B13-76306FE35380}.Debug|Any CPU.ActiveCfg = Debug|Any CPU
		{74CB342D-3D96-42D5-8B13-76306FE35380}.Debug|Any CPU.Build.0 = Debug|Any CPU
		{74CB342D-3D96-42D5-8B13-76306FE35380}.Debug|Mixed Platforms.ActiveCfg = Debug|Any CPU
		{74CB342D-3D96-42D5-8B13-76306FE35380}.Debug|Mixed Platforms.Build.0 = Debug|Any CPU
		{74CB342D-3D96-42D5-8B13-76306FE35380}.Debug|x86.ActiveCfg = Debug|Any CPU
		{74CB342D-3D96-42D5-8B13-76306FE35380}.Release|Any CPU.ActiveCfg = Release|Any CPU
		{74CB342D-3D96-42D5-8B13-76306FE35380}.Release|Any CPU.Build.0 = Release|Any CPU
		{74CB342D-3D96-42D5-8B13-76306FE35380}.Release|Mixed Platforms.ActiveCfg = Release|Any CPU
		{74CB342D-3D96-42D5-8B13-76306FE35380}.Release|Mixed Platforms.Build.0 = Release|Any CPU
		{74CB342D-3D96-42D5-8B13-76306FE35380}.Release|x86.ActiveCfg = Release|Any CPU
		{7B78A96A-367C-4FBE-AD99-B1016F16AA00}.Debug|Any CPU.ActiveCfg = Debug|Any CPU
		{7B78A96A-367C-4FBE-AD99-B1016F16AA00}.Debug|Any CPU.Build.0 = Debug|Any CPU
		{7B78A96A-367C-4FBE-AD99-B1016F16AA00}.Debug|Mixed Platforms.ActiveCfg = Debug|Any CPU
		{7B78A96A-367C-4FBE-AD99-B1016F16AA00}.Debug|Mixed Platforms.Build.0 = Debug|Any CPU
		{7B78A96A-367C-4FBE-AD99-B1016F16AA00}.Debug|x86.ActiveCfg = Debug|Any CPU
		{7B78A96A-367C-4FBE-AD99-B1016F16AA00}.Release|Any CPU.ActiveCfg = Release|Any CPU
		{7B78A96A-367C-4FBE-AD99-B1016F16AA00}.Release|Any CPU.Build.0 = Release|Any CPU
		{7B78A96A-367C-4FBE-AD99-B1016F16AA00}.Release|Mixed Platforms.ActiveCfg = Release|Any CPU
		{7B78A96A-367C-4FBE-AD99-B1016F16AA00}.Release|Mixed Platforms.Build.0 = Release|Any CPU
		{7B78A96A-367C-4FBE-AD99-B1016F16AA00}.Release|x86.ActiveCfg = Release|Any CPU
		{ADADAE80-72EA-4E8C-B5B5-4EFBEB1FAAF6}.Debug|Any CPU.ActiveCfg = Debug|Any CPU
		{ADADAE80-72EA-4E8C-B5B5-4EFBEB1FAAF6}.Debug|Any CPU.Build.0 = Debug|Any CPU
		{ADADAE80-72EA-4E8C-B5B5-4EFBEB1FAAF6}.Debug|Mixed Platforms.ActiveCfg = Debug|Any CPU
		{ADADAE80-72EA-4E8C-B5B5-4EFBEB1FAAF6}.Debug|Mixed Platforms.Build.0 = Debug|Any CPU
		{ADADAE80-72EA-4E8C-B5B5-4EFBEB1FAAF6}.Debug|x86.ActiveCfg = Debug|Any CPU
		{ADADAE80-72EA-4E8C-B5B5-4EFBEB1FAAF6}.Release|Any CPU.ActiveCfg = Release|Any CPU
		{ADADAE80-72EA-4E8C-B5B5-4EFBEB1FAAF6}.Release|Any CPU.Build.0 = Release|Any CPU
		{ADADAE80-72EA-4E8C-B5B5-4EFBEB1FAAF6}.Release|Mixed Platforms.ActiveCfg = Release|Any CPU
		{ADADAE80-72EA-4E8C-B5B5-4EFBEB1FAAF6}.Release|Mixed Platforms.Build.0 = Release|Any CPU
		{ADADAE80-72EA-4E8C-B5B5-4EFBEB1FAAF6}.Release|x86.ActiveCfg = Release|Any CPU
		{77EADDD1-E296-4426-B66B-4031E9F07711}.Debug|Any CPU.ActiveCfg = Debug|Any CPU
		{77EADDD1-E296-4426-B66B-4031E9F07711}.Debug|Any CPU.Build.0 = Debug|Any CPU
		{77EADDD1-E296-4426-B66B-4031E9F07711}.Debug|Mixed Platforms.ActiveCfg = Debug|Any CPU
		{77EADDD1-E296-4426-B66B-4031E9F07711}.Debug|Mixed Platforms.Build.0 = Debug|Any CPU
		{77EADDD1-E296-4426-B66B-4031E9F07711}.Debug|x86.ActiveCfg = Debug|Any CPU
		{77EADDD1-E296-4426-B66B-4031E9F07711}.Release|Any CPU.ActiveCfg = Release|Any CPU
		{77EADDD1-E296-4426-B66B-4031E9F07711}.Release|Any CPU.Build.0 = Release|Any CPU
		{77EADDD1-E296-4426-B66B-4031E9F07711}.Release|Mixed Platforms.ActiveCfg = Release|Any CPU
		{77EADDD1-E296-4426-B66B-4031E9F07711}.Release|Mixed Platforms.Build.0 = Release|Any CPU
		{77EADDD1-E296-4426-B66B-4031E9F07711}.Release|x86.ActiveCfg = Release|Any CPU
		{4F88E6A7-42CC-4E86-91A7-B4CE5B53486A}.Debug|Any CPU.ActiveCfg = Debug|Any CPU
		{4F88E6A7-42CC-4E86-91A7-B4CE5B53486A}.Debug|Any CPU.Build.0 = Debug|Any CPU
		{4F88E6A7-42CC-4E86-91A7-B4CE5B53486A}.Debug|Mixed Platforms.ActiveCfg = Debug|Any CPU
		{4F88E6A7-42CC-4E86-91A7-B4CE5B53486A}.Debug|Mixed Platforms.Build.0 = Debug|Any CPU
		{4F88E6A7-42CC-4E86-91A7-B4CE5B53486A}.Debug|x86.ActiveCfg = Debug|Any CPU
		{4F88E6A7-42CC-4E86-91A7-B4CE5B53486A}.Release|Any CPU.ActiveCfg = Release|Any CPU
		{4F88E6A7-42CC-4E86-91A7-B4CE5B53486A}.Release|Any CPU.Build.0 = Release|Any CPU
		{4F88E6A7-42CC-4E86-91A7-B4CE5B53486A}.Release|Mixed Platforms.ActiveCfg = Release|Any CPU
		{4F88E6A7-42CC-4E86-91A7-B4CE5B53486A}.Release|Mixed Platforms.Build.0 = Release|Any CPU
		{4F88E6A7-42CC-4E86-91A7-B4CE5B53486A}.Release|x86.ActiveCfg = Release|Any CPU
		{3BEEDE2E-DAE9-432C-8891-F881416B7249}.Debug|Any CPU.ActiveCfg = Debug|Any CPU
		{3BEEDE2E-DAE9-432C-8891-F881416B7249}.Debug|Any CPU.Build.0 = Debug|Any CPU
		{3BEEDE2E-DAE9-432C-8891-F881416B7249}.Debug|Mixed Platforms.ActiveCfg = Debug|Any CPU
		{3BEEDE2E-DAE9-432C-8891-F881416B7249}.Debug|Mixed Platforms.Build.0 = Debug|Any CPU
		{3BEEDE2E-DAE9-432C-8891-F881416B7249}.Debug|x86.ActiveCfg = Debug|Any CPU
		{3BEEDE2E-DAE9-432C-8891-F881416B7249}.Release|Any CPU.ActiveCfg = Release|Any CPU
		{3BEEDE2E-DAE9-432C-8891-F881416B7249}.Release|Any CPU.Build.0 = Release|Any CPU
		{3BEEDE2E-DAE9-432C-8891-F881416B7249}.Release|Mixed Platforms.ActiveCfg = Release|Any CPU
		{3BEEDE2E-DAE9-432C-8891-F881416B7249}.Release|Mixed Platforms.Build.0 = Release|Any CPU
		{3BEEDE2E-DAE9-432C-8891-F881416B7249}.Release|x86.ActiveCfg = Release|Any CPU
		{6DE753C7-198B-4934-BDD6-8142A215AA00}.Debug|Any CPU.ActiveCfg = Debug|Any CPU
		{6DE753C7-198B-4934-BDD6-8142A215AA00}.Debug|Any CPU.Build.0 = Debug|Any CPU
		{6DE753C7-198B-4934-BDD6-8142A215AA00}.Debug|Mixed Platforms.ActiveCfg = Debug|Any CPU
		{6DE753C7-198B-4934-BDD6-8142A215AA00}.Debug|Mixed Platforms.Build.0 = Debug|Any CPU
		{6DE753C7-198B-4934-BDD6-8142A215AA00}.Debug|x86.ActiveCfg = Debug|Any CPU
		{6DE753C7-198B-4934-BDD6-8142A215AA00}.Release|Any CPU.ActiveCfg = Release|Any CPU
		{6DE753C7-198B-4934-BDD6-8142A215AA00}.Release|Any CPU.Build.0 = Release|Any CPU
		{6DE753C7-198B-4934-BDD6-8142A215AA00}.Release|Mixed Platforms.ActiveCfg = Release|Any CPU
		{6DE753C7-198B-4934-BDD6-8142A215AA00}.Release|Mixed Platforms.Build.0 = Release|Any CPU
		{6DE753C7-198B-4934-BDD6-8142A215AA00}.Release|x86.ActiveCfg = Release|Any CPU
		{D6E1726F-258E-4DE8-8473-21A2FCFB0B66}.Debug|Any CPU.ActiveCfg = Debug|Any CPU
		{D6E1726F-258E-4DE8-8473-21A2FCFB0B66}.Debug|Any CPU.Build.0 = Debug|Any CPU
		{D6E1726F-258E-4DE8-8473-21A2FCFB0B66}.Debug|Mixed Platforms.ActiveCfg = Debug|Any CPU
		{D6E1726F-258E-4DE8-8473-21A2FCFB0B66}.Debug|Mixed Platforms.Build.0 = Debug|Any CPU
		{D6E1726F-258E-4DE8-8473-21A2FCFB0B66}.Debug|x86.ActiveCfg = Debug|Any CPU
		{D6E1726F-258E-4DE8-8473-21A2FCFB0B66}.Release|Any CPU.ActiveCfg = Release|Any CPU
		{D6E1726F-258E-4DE8-8473-21A2FCFB0B66}.Release|Any CPU.Build.0 = Release|Any CPU
		{D6E1726F-258E-4DE8-8473-21A2FCFB0B66}.Release|Mixed Platforms.ActiveCfg = Release|Any CPU
		{D6E1726F-258E-4DE8-8473-21A2FCFB0B66}.Release|Mixed Platforms.Build.0 = Release|Any CPU
		{D6E1726F-258E-4DE8-8473-21A2FCFB0B66}.Release|x86.ActiveCfg = Release|Any CPU
		{1670225C-BAA3-49AC-A8D6-44D75A973B31}.Debug|Any CPU.ActiveCfg = Debug|Any CPU
		{1670225C-BAA3-49AC-A8D6-44D75A973B31}.Debug|Any CPU.Build.0 = Debug|Any CPU
		{1670225C-BAA3-49AC-A8D6-44D75A973B31}.Debug|Mixed Platforms.ActiveCfg = Debug|Any CPU
		{1670225C-BAA3-49AC-A8D6-44D75A973B31}.Debug|Mixed Platforms.Build.0 = Debug|Any CPU
		{1670225C-BAA3-49AC-A8D6-44D75A973B31}.Debug|x86.ActiveCfg = Debug|Any CPU
		{1670225C-BAA3-49AC-A8D6-44D75A973B31}.Release|Any CPU.ActiveCfg = Release|Any CPU
		{1670225C-BAA3-49AC-A8D6-44D75A973B31}.Release|Any CPU.Build.0 = Release|Any CPU
		{1670225C-BAA3-49AC-A8D6-44D75A973B31}.Release|Mixed Platforms.ActiveCfg = Release|Any CPU
		{1670225C-BAA3-49AC-A8D6-44D75A973B31}.Release|Mixed Platforms.Build.0 = Release|Any CPU
		{1670225C-BAA3-49AC-A8D6-44D75A973B31}.Release|x86.ActiveCfg = Release|Any CPU
		{A03D7F01-93CE-4955-B004-F66C0786BD26}.Debug|Any CPU.ActiveCfg = Debug|Any CPU
		{A03D7F01-93CE-4955-B004-F66C0786BD26}.Debug|Any CPU.Build.0 = Debug|Any CPU
		{A03D7F01-93CE-4955-B004-F66C0786BD26}.Debug|Mixed Platforms.ActiveCfg = Debug|Any CPU
		{A03D7F01-93CE-4955-B004-F66C0786BD26}.Debug|Mixed Platforms.Build.0 = Debug|Any CPU
		{A03D7F01-93CE-4955-B004-F66C0786BD26}.Debug|x86.ActiveCfg = Debug|Any CPU
		{A03D7F01-93CE-4955-B004-F66C0786BD26}.Release|Any CPU.ActiveCfg = Release|Any CPU
		{A03D7F01-93CE-4955-B004-F66C0786BD26}.Release|Any CPU.Build.0 = Release|Any CPU
		{A03D7F01-93CE-4955-B004-F66C0786BD26}.Release|Mixed Platforms.ActiveCfg = Release|Any CPU
		{A03D7F01-93CE-4955-B004-F66C0786BD26}.Release|Mixed Platforms.Build.0 = Release|Any CPU
		{A03D7F01-93CE-4955-B004-F66C0786BD26}.Release|x86.ActiveCfg = Release|Any CPU
		{CFC1E9E6-4596-4ACA-B8AB-B98B4FD02B7A}.Debug|Any CPU.ActiveCfg = Debug|Any CPU
		{CFC1E9E6-4596-4ACA-B8AB-B98B4FD02B7A}.Debug|Any CPU.Build.0 = Debug|Any CPU
		{CFC1E9E6-4596-4ACA-B8AB-B98B4FD02B7A}.Debug|Mixed Platforms.ActiveCfg = Debug|Any CPU
		{CFC1E9E6-4596-4ACA-B8AB-B98B4FD02B7A}.Debug|Mixed Platforms.Build.0 = Debug|Any CPU
		{CFC1E9E6-4596-4ACA-B8AB-B98B4FD02B7A}.Debug|x86.ActiveCfg = Debug|Any CPU
		{CFC1E9E6-4596-4ACA-B8AB-B98B4FD02B7A}.Release|Any CPU.ActiveCfg = Release|Any CPU
		{CFC1E9E6-4596-4ACA-B8AB-B98B4FD02B7A}.Release|Any CPU.Build.0 = Release|Any CPU
		{CFC1E9E6-4596-4ACA-B8AB-B98B4FD02B7A}.Release|Mixed Platforms.ActiveCfg = Release|Any CPU
		{CFC1E9E6-4596-4ACA-B8AB-B98B4FD02B7A}.Release|Mixed Platforms.Build.0 = Release|Any CPU
		{CFC1E9E6-4596-4ACA-B8AB-B98B4FD02B7A}.Release|x86.ActiveCfg = Release|Any CPU
		{B76F97DB-264C-4848-9290-4B97D6A9EF63}.Debug|Any CPU.ActiveCfg = Debug|Any CPU
		{B76F97DB-264C-4848-9290-4B97D6A9EF63}.Debug|Any CPU.Build.0 = Debug|Any CPU
		{B76F97DB-264C-4848-9290-4B97D6A9EF63}.Debug|Mixed Platforms.ActiveCfg = Debug|Any CPU
		{B76F97DB-264C-4848-9290-4B97D6A9EF63}.Debug|Mixed Platforms.Build.0 = Debug|Any CPU
		{B76F97DB-264C-4848-9290-4B97D6A9EF63}.Debug|x86.ActiveCfg = Debug|Any CPU
		{B76F97DB-264C-4848-9290-4B97D6A9EF63}.Release|Any CPU.ActiveCfg = Release|Any CPU
		{B76F97DB-264C-4848-9290-4B97D6A9EF63}.Release|Any CPU.Build.0 = Release|Any CPU
		{B76F97DB-264C-4848-9290-4B97D6A9EF63}.Release|Mixed Platforms.ActiveCfg = Release|Any CPU
		{B76F97DB-264C-4848-9290-4B97D6A9EF63}.Release|Mixed Platforms.Build.0 = Release|Any CPU
		{B76F97DB-264C-4848-9290-4B97D6A9EF63}.Release|x86.ActiveCfg = Release|Any CPU
		{336A6B61-9345-4197-AC22-A1421242C455}.Debug|Any CPU.ActiveCfg = Debug|Any CPU
		{336A6B61-9345-4197-AC22-A1421242C455}.Debug|Any CPU.Build.0 = Debug|Any CPU
		{336A6B61-9345-4197-AC22-A1421242C455}.Debug|Mixed Platforms.ActiveCfg = Debug|Any CPU
		{336A6B61-9345-4197-AC22-A1421242C455}.Debug|Mixed Platforms.Build.0 = Debug|Any CPU
		{336A6B61-9345-4197-AC22-A1421242C455}.Debug|x86.ActiveCfg = Debug|Any CPU
		{336A6B61-9345-4197-AC22-A1421242C455}.Release|Any CPU.ActiveCfg = Release|Any CPU
		{336A6B61-9345-4197-AC22-A1421242C455}.Release|Any CPU.Build.0 = Release|Any CPU
		{336A6B61-9345-4197-AC22-A1421242C455}.Release|Mixed Platforms.ActiveCfg = Release|Any CPU
		{336A6B61-9345-4197-AC22-A1421242C455}.Release|Mixed Platforms.Build.0 = Release|Any CPU
		{336A6B61-9345-4197-AC22-A1421242C455}.Release|x86.ActiveCfg = Release|Any CPU
		{02F6B73A-3712-4BD5-955A-E92797C479DC}.Debug|Any CPU.ActiveCfg = Debug|Any CPU
		{02F6B73A-3712-4BD5-955A-E92797C479DC}.Debug|Any CPU.Build.0 = Debug|Any CPU
		{02F6B73A-3712-4BD5-955A-E92797C479DC}.Debug|Mixed Platforms.ActiveCfg = Debug|Any CPU
		{02F6B73A-3712-4BD5-955A-E92797C479DC}.Debug|Mixed Platforms.Build.0 = Debug|Any CPU
		{02F6B73A-3712-4BD5-955A-E92797C479DC}.Debug|x86.ActiveCfg = Debug|Any CPU
		{02F6B73A-3712-4BD5-955A-E92797C479DC}.Release|Any CPU.ActiveCfg = Release|Any CPU
		{02F6B73A-3712-4BD5-955A-E92797C479DC}.Release|Any CPU.Build.0 = Release|Any CPU
		{02F6B73A-3712-4BD5-955A-E92797C479DC}.Release|Mixed Platforms.ActiveCfg = Release|Any CPU
		{02F6B73A-3712-4BD5-955A-E92797C479DC}.Release|Mixed Platforms.Build.0 = Release|Any CPU
		{02F6B73A-3712-4BD5-955A-E92797C479DC}.Release|x86.ActiveCfg = Release|Any CPU
		{D69C56EC-DBFD-45A9-9764-7A87B76DD5E0}.Debug|Any CPU.ActiveCfg = Debug|Any CPU
		{D69C56EC-DBFD-45A9-9764-7A87B76DD5E0}.Debug|Any CPU.Build.0 = Debug|Any CPU
		{D69C56EC-DBFD-45A9-9764-7A87B76DD5E0}.Debug|Mixed Platforms.ActiveCfg = Debug|Any CPU
		{D69C56EC-DBFD-45A9-9764-7A87B76DD5E0}.Debug|Mixed Platforms.Build.0 = Debug|Any CPU
		{D69C56EC-DBFD-45A9-9764-7A87B76DD5E0}.Debug|x86.ActiveCfg = Debug|Any CPU
		{D69C56EC-DBFD-45A9-9764-7A87B76DD5E0}.Release|Any CPU.ActiveCfg = Release|Any CPU
		{D69C56EC-DBFD-45A9-9764-7A87B76DD5E0}.Release|Any CPU.Build.0 = Release|Any CPU
		{D69C56EC-DBFD-45A9-9764-7A87B76DD5E0}.Release|Mixed Platforms.ActiveCfg = Release|Any CPU
		{D69C56EC-DBFD-45A9-9764-7A87B76DD5E0}.Release|Mixed Platforms.Build.0 = Release|Any CPU
		{D69C56EC-DBFD-45A9-9764-7A87B76DD5E0}.Release|x86.ActiveCfg = Release|Any CPU
		{D3AEBEF7-FE9D-4E7C-851D-B0B806164297}.Debug|Any CPU.ActiveCfg = Debug
		{D3AEBEF7-FE9D-4E7C-851D-B0B806164297}.Debug|Mixed Platforms.ActiveCfg = Debug
		{D3AEBEF7-FE9D-4E7C-851D-B0B806164297}.Debug|x86.ActiveCfg = Debug
		{D3AEBEF7-FE9D-4E7C-851D-B0B806164297}.Release|Any CPU.ActiveCfg = Release
		{D3AEBEF7-FE9D-4E7C-851D-B0B806164297}.Release|Mixed Platforms.ActiveCfg = Release
		{D3AEBEF7-FE9D-4E7C-851D-B0B806164297}.Release|x86.ActiveCfg = Release
	EndGlobalSection
	GlobalSection(SolutionProperties) = preSolution
		HideSolutionNode = FALSE
	EndGlobalSection
	GlobalSection(NestedProjects) = preSolution
		{7B78A96A-367C-4FBE-AD99-B1016F16AA00} = {C1A3AFE3-2630-454E-8DA2-B4188B8E3F2C}
		{ADADAE80-72EA-4E8C-B5B5-4EFBEB1FAAF6} = {C1A3AFE3-2630-454E-8DA2-B4188B8E3F2C}
		{77EADDD1-E296-4426-B66B-4031E9F07711} = {C1A3AFE3-2630-454E-8DA2-B4188B8E3F2C}
		{4F88E6A7-42CC-4E86-91A7-B4CE5B53486A} = {C1A3AFE3-2630-454E-8DA2-B4188B8E3F2C}
		{3BEEDE2E-DAE9-432C-8891-F881416B7249} = {C1A3AFE3-2630-454E-8DA2-B4188B8E3F2C}
		{6DE753C7-198B-4934-BDD6-8142A215AA00} = {C1A3AFE3-2630-454E-8DA2-B4188B8E3F2C}
		{D6E1726F-258E-4DE8-8473-21A2FCFB0B66} = {C1A3AFE3-2630-454E-8DA2-B4188B8E3F2C}
		{1670225C-BAA3-49AC-A8D6-44D75A973B31} = {C1A3AFE3-2630-454E-8DA2-B4188B8E3F2C}
		{A03D7F01-93CE-4955-B004-F66C0786BD26} = {C1A3AFE3-2630-454E-8DA2-B4188B8E3F2C}
		{B76F97DB-264C-4848-9290-4B97D6A9EF63} = {C1A3AFE3-2630-454E-8DA2-B4188B8E3F2C}
		{336A6B61-9345-4197-AC22-A1421242C455} = {C1A3AFE3-2630-454E-8DA2-B4188B8E3F2C}
		{02F6B73A-3712-4BD5-955A-E92797C479DC} = {C1A3AFE3-2630-454E-8DA2-B4188B8E3F2C}
		{D69C56EC-DBFD-45A9-9764-7A87B76DD5E0} = {C1A3AFE3-2630-454E-8DA2-B4188B8E3F2C}
	EndGlobalSection
EndGlobal
